// !$*UTF8*$!
{
	archiveVersion = 1;
	classes = {
	};
	objectVersion = 50;
	objects = {

/* Begin PBXBuildFile section */
		007B95302412E9C500C91221 /* AppDelegate.swift in Sources */ = {isa = PBXBuildFile; fileRef = 007B952F2412E9C500C91221 /* AppDelegate.swift */; };
		007B95322412E9C500C91221 /* SceneDelegate.swift in Sources */ = {isa = PBXBuildFile; fileRef = 007B95312412E9C500C91221 /* SceneDelegate.swift */; };
		007B95372412E9C500C91221 /* Main.storyboard in Resources */ = {isa = PBXBuildFile; fileRef = 007B95352412E9C500C91221 /* Main.storyboard */; };
		007B95392412E9C700C91221 /* Assets.xcassets in Resources */ = {isa = PBXBuildFile; fileRef = 007B95382412E9C700C91221 /* Assets.xcassets */; };
		007B953C2412E9C700C91221 /* LaunchScreen.storyboard in Resources */ = {isa = PBXBuildFile; fileRef = 007B953A2412E9C700C91221 /* LaunchScreen.storyboard */; };
		007B95442412EBC300C91221 /* SearchViewController.swift in Sources */ = {isa = PBXBuildFile; fileRef = 007B95432412EBC300C91221 /* SearchViewController.swift */; };
		007B95462412EC8C00C91221 /* SearchTableCell.swift in Sources */ = {isa = PBXBuildFile; fileRef = 007B95452412EC8C00C91221 /* SearchTableCell.swift */; };
/* End PBXBuildFile section */

/* Begin PBXFileReference section */
		007B952C2412E9C500C91221 /* MVCPractice.app */ = {isa = PBXFileReference; explicitFileType = wrapper.application; includeInIndex = 0; path = MVCPractice.app; sourceTree = BUILT_PRODUCTS_DIR; };
		007B952F2412E9C500C91221 /* AppDelegate.swift */ = {isa = PBXFileReference; lastKnownFileType = sourcecode.swift; path = AppDelegate.swift; sourceTree = "<group>"; };
		007B95312412E9C500C91221 /* SceneDelegate.swift */ = {isa = PBXFileReference; lastKnownFileType = sourcecode.swift; path = SceneDelegate.swift; sourceTree = "<group>"; };
		007B95362412E9C500C91221 /* Base */ = {isa = PBXFileReference; lastKnownFileType = file.storyboard; name = Base; path = Base.lproj/Main.storyboard; sourceTree = "<group>"; };
		007B95382412E9C700C91221 /* Assets.xcassets */ = {isa = PBXFileReference; lastKnownFileType = folder.assetcatalog; path = Assets.xcassets; sourceTree = "<group>"; };
		007B953B2412E9C700C91221 /* Base */ = {isa = PBXFileReference; lastKnownFileType = file.storyboard; name = Base; path = Base.lproj/LaunchScreen.storyboard; sourceTree = "<group>"; };
		007B953D2412E9C700C91221 /* Info.plist */ = {isa = PBXFileReference; lastKnownFileType = text.plist.xml; path = Info.plist; sourceTree = "<group>"; };
		007B95432412EBC300C91221 /* SearchViewController.swift */ = {isa = PBXFileReference; fileEncoding = 4; lastKnownFileType = sourcecode.swift; path = SearchViewController.swift; sourceTree = "<group>"; };
		007B95452412EC8C00C91221 /* SearchTableCell.swift */ = {isa = PBXFileReference; lastKnownFileType = sourcecode.swift; path = SearchTableCell.swift; sourceTree = "<group>"; };
/* End PBXFileReference section */

/* Begin PBXFrameworksBuildPhase section */
		007B95292412E9C500C91221 /* Frameworks */ = {
			isa = PBXFrameworksBuildPhase;
			buildActionMask = 2147483647;
			files = (
			);
			runOnlyForDeploymentPostprocessing = 0;
		};
/* End PBXFrameworksBuildPhase section */

/* Begin PBXGroup section */
		007B95232412E9C500C91221 = {
			isa = PBXGroup;
			children = (
				007B952E2412E9C500C91221 /* MVCPractice */,
				007B952D2412E9C500C91221 /* Products */,
			);
			sourceTree = "<group>";
		};
		007B952D2412E9C500C91221 /* Products */ = {
			isa = PBXGroup;
			children = (
				007B952C2412E9C500C91221 /* MVCPractice.app */,
			);
			name = Products;
			sourceTree = "<group>";
		};
		007B952E2412E9C500C91221 /* MVCPractice */ = {
			isa = PBXGroup;
			children = (
				007B952F2412E9C500C91221 /* AppDelegate.swift */,
				007B95312412E9C500C91221 /* SceneDelegate.swift */,
				007B95482412EC9600C91221 /* UI */,
				007B95352412E9C500C91221 /* Main.storyboard */,
				007B95382412E9C700C91221 /* Assets.xcassets */,
				007B953A2412E9C700C91221 /* LaunchScreen.storyboard */,
				007B953D2412E9C700C91221 /* Info.plist */,
			);
			path = MVCPractice;
			sourceTree = "<group>";
		};
		007B95472412EC9000C91221 /* Search */ = {
			isa = PBXGroup;
			children = (
				007B95432412EBC300C91221 /* SearchViewController.swift */,
				007B95452412EC8C00C91221 /* SearchTableCell.swift */,
			);
			path = Search;
			sourceTree = "<group>";
		};
		007B95482412EC9600C91221 /* UI */ = {
			isa = PBXGroup;
			children = (
				007B95472412EC9000C91221 /* Search */,
			);
			path = UI;
			sourceTree = "<group>";
		};
/* End PBXGroup section */

/* Begin PBXNativeTarget section */
		007B952B2412E9C500C91221 /* MVCPractice */ = {
			isa = PBXNativeTarget;
			buildConfigurationList = 007B95402412E9C700C91221 /* Build configuration list for PBXNativeTarget "MVCPractice" */;
			buildPhases = (
				007B95282412E9C500C91221 /* Sources */,
				007B95292412E9C500C91221 /* Frameworks */,
				007B952A2412E9C500C91221 /* Resources */,
			);
			buildRules = (
			);
			dependencies = (
			);
			name = MVCPractice;
			productName = MVCPractice;
			productReference = 007B952C2412E9C500C91221 /* MVCPractice.app */;
			productType = "com.apple.product-type.application";
		};
/* End PBXNativeTarget section */

/* Begin PBXProject section */
		007B95242412E9C500C91221 /* Project object */ = {
			isa = PBXProject;
			attributes = {
				LastSwiftUpdateCheck = 1130;
				LastUpgradeCheck = 1130;
				ORGANIZATIONNAME = "Trak iT";
				TargetAttributes = {
					007B952B2412E9C500C91221 = {
						CreatedOnToolsVersion = 11.3.1;
					};
				};
			};
			buildConfigurationList = 007B95272412E9C500C91221 /* Build configuration list for PBXProject "MVCPractice" */;
			compatibilityVersion = "Xcode 9.3";
			developmentRegion = en;
			hasScannedForEncodings = 0;
			knownRegions = (
				en,
				Base,
			);
			mainGroup = 007B95232412E9C500C91221;
			productRefGroup = 007B952D2412E9C500C91221 /* Products */;
			projectDirPath = "";
			projectRoot = "";
			targets = (
				007B952B2412E9C500C91221 /* MVCPractice */,
			);
		};
/* End PBXProject section */

/* Begin PBXResourcesBuildPhase section */
		007B952A2412E9C500C91221 /* Resources */ = {
			isa = PBXResourcesBuildPhase;
			buildActionMask = 2147483647;
			files = (
				007B953C2412E9C700C91221 /* LaunchScreen.storyboard in Resources */,
				007B95392412E9C700C91221 /* Assets.xcassets in Resources */,
				007B95372412E9C500C91221 /* Main.storyboard in Resources */,
			);
			runOnlyForDeploymentPostprocessing = 0;
		};
/* End PBXResourcesBuildPhase section */

/* Begin PBXSourcesBuildPhase section */
		007B95282412E9C500C91221 /* Sources */ = {
			isa = PBXSourcesBuildPhase;
			buildActionMask = 2147483647;
			files = (
				007B95442412EBC300C91221 /* SearchViewController.swift in Sources */,
				007B95302412E9C500C91221 /* AppDelegate.swift in Sources */,
				007B95462412EC8C00C91221 /* SearchTableCell.swift in Sources */,
				007B95322412E9C500C91221 /* SceneDelegate.swift in Sources */,
			);
			runOnlyForDeploymentPostprocessing = 0;
		};
/* End PBXSourcesBuildPhase section */

/* Begin PBXVariantGroup section */
		007B95352412E9C500C91221 /* Main.storyboard */ = {
			isa = PBXVariantGroup;
			children = (
				007B95362412E9C500C91221 /* Base */,
			);
			name = Main.storyboard;
			sourceTree = "<group>";
		};
		007B953A2412E9C700C91221 /* LaunchScreen.storyboard */ = {
			isa = PBXVariantGroup;
			children = (
				007B953B2412E9C700C91221 /* Base */,
			);
			name = LaunchScreen.storyboard;
			sourceTree = "<group>";
		};
/* End PBXVariantGroup section */

/* Begin XCBuildConfiguration section */
		007B953E2412E9C700C91221 /* Debug */ = {
			isa = XCBuildConfiguration;
			buildSettings = {
				ALWAYS_SEARCH_USER_PATHS = NO;
				CLANG_ANALYZER_NONNULL = YES;
				CLANG_ANALYZER_NUMBER_OBJECT_CONVERSION = YES_AGGRESSIVE;
				CLANG_CXX_LANGUAGE_STANDARD = "gnu++14";
				CLANG_CXX_LIBRARY = "libc++";
				CLANG_ENABLE_MODULES = YES;
				CLANG_ENABLE_OBJC_ARC = YES;
				CLANG_ENABLE_OBJC_WEAK = YES;
				CLANG_WARN_BLOCK_CAPTURE_AUTORELEASING = YES;
				CLANG_WARN_BOOL_CONVERSION = YES;
				CLANG_WARN_COMMA = YES;
				CLANG_WARN_CONSTANT_CONVERSION = YES;
				CLANG_WARN_DEPRECATED_OBJC_IMPLEMENTATIONS = YES;
				CLANG_WARN_DIRECT_OBJC_ISA_USAGE = YES_ERROR;
				CLANG_WARN_DOCUMENTATION_COMMENTS = YES;
				CLANG_WARN_EMPTY_BODY = YES;
				CLANG_WARN_ENUM_CONVERSION = YES;
				CLANG_WARN_INFINITE_RECURSION = YES;
				CLANG_WARN_INT_CONVERSION = YES;
				CLANG_WARN_NON_LITERAL_NULL_CONVERSION = YES;
				CLANG_WARN_OBJC_IMPLICIT_RETAIN_SELF = YES;
				CLANG_WARN_OBJC_LITERAL_CONVERSION = YES;
				CLANG_WARN_OBJC_ROOT_CLASS = YES_ERROR;
				CLANG_WARN_RANGE_LOOP_ANALYSIS = YES;
				CLANG_WARN_STRICT_PROTOTYPES = YES;
				CLANG_WARN_SUSPICIOUS_MOVE = YES;
				CLANG_WARN_UNGUARDED_AVAILABILITY = YES_AGGRESSIVE;
				CLANG_WARN_UNREACHABLE_CODE = YES;
				CLANG_WARN__DUPLICATE_METHOD_MATCH = YES;
				COPY_PHASE_STRIP = NO;
				DEBUG_INFORMATION_FORMAT = dwarf;
				ENABLE_STRICT_OBJC_MSGSEND = YES;
				ENABLE_TESTABILITY = YES;
				GCC_C_LANGUAGE_STANDARD = gnu11;
				GCC_DYNAMIC_NO_PIC = NO;
				GCC_NO_COMMON_BLOCKS = YES;
				GCC_OPTIMIZATION_LEVEL = 0;
				GCC_PREPROCESSOR_DEFINITIONS = (
					"DEBUG=1",
					"$(inherited)",
				);
				GCC_WARN_64_TO_32_BIT_CONVERSION = YES;
				GCC_WARN_ABOUT_RETURN_TYPE = YES_ERROR;
				GCC_WARN_UNDECLARED_SELECTOR = YES;
				GCC_WARN_UNINITIALIZED_AUTOS = YES_AGGRESSIVE;
				GCC_WARN_UNUSED_FUNCTION = YES;
				GCC_WARN_UNUSED_VARIABLE = YES;
				IPHONEOS_DEPLOYMENT_TARGET = 13.2;
				MTL_ENABLE_DEBUG_INFO = INCLUDE_SOURCE;
				MTL_FAST_MATH = YES;
				ONLY_ACTIVE_ARCH = YES;
				SDKROOT = iphoneos;
				SWIFT_ACTIVE_COMPILATION_CONDITIONS = DEBUG;
				SWIFT_OPTIMIZATION_LEVEL = "-Onone";
			};
			name = Debug;
		};
		007B953F2412E9C700C91221 /* Release */ = {
			isa = XCBuildConfiguration;
			buildSettings = {
				ALWAYS_SEARCH_USER_PATHS = NO;
				CLANG_ANALYZER_NONNULL = YES;
				CLANG_ANALYZER_NUMBER_OBJECT_CONVERSION = YES_AGGRESSIVE;
				CLANG_CXX_LANGUAGE_STANDARD = "gnu++14";
				CLANG_CXX_LIBRARY = "libc++";
				CLANG_ENABLE_MODULES = YES;
				CLANG_ENABLE_OBJC_ARC = YES;
				CLANG_ENABLE_OBJC_WEAK = YES;
				CLANG_WARN_BLOCK_CAPTURE_AUTORELEASING = YES;
				CLANG_WARN_BOOL_CONVERSION = YES;
				CLANG_WARN_COMMA = YES;
				CLANG_WARN_CONSTANT_CONVERSION = YES;
				CLANG_WARN_DEPRECATED_OBJC_IMPLEMENTATIONS = YES;
				CLANG_WARN_DIRECT_OBJC_ISA_USAGE = YES_ERROR;
				CLANG_WARN_DOCUMENTATION_COMMENTS = YES;
				CLANG_WARN_EMPTY_BODY = YES;
				CLANG_WARN_ENUM_CONVERSION = YES;
				CLANG_WARN_INFINITE_RECURSION = YES;
				CLANG_WARN_INT_CONVERSION = YES;
				CLANG_WARN_NON_LITERAL_NULL_CONVERSION = YES;
				CLANG_WARN_OBJC_IMPLICIT_RETAIN_SELF = YES;
				CLANG_WARN_OBJC_LITERAL_CONVERSION = YES;
				CLANG_WARN_OBJC_ROOT_CLASS = YES_ERROR;
				CLANG_WARN_RANGE_LOOP_ANALYSIS = YES;
				CLANG_WARN_STRICT_PROTOTYPES = YES;
				CLANG_WARN_SUSPICIOUS_MOVE = YES;
				CLANG_WARN_UNGUARDED_AVAILABILITY = YES_AGGRESSIVE;
				CLANG_WARN_UNREACHABLE_CODE = YES;
				CLANG_WARN__DUPLICATE_METHOD_MATCH = YES;
				COPY_PHASE_STRIP = NO;
				DEBUG_INFORMATION_FORMAT = "dwarf-with-dsym";
				ENABLE_NS_ASSERTIONS = NO;
				ENABLE_STRICT_OBJC_MSGSEND = YES;
				GCC_C_LANGUAGE_STANDARD = gnu11;
				GCC_NO_COMMON_BLOCKS = YES;
				GCC_WARN_64_TO_32_BIT_CONVERSION = YES;
				GCC_WARN_ABOUT_RETURN_TYPE = YES_ERROR;
				GCC_WARN_UNDECLARED_SELECTOR = YES;
				GCC_WARN_UNINITIALIZED_AUTOS = YES_AGGRESSIVE;
				GCC_WARN_UNUSED_FUNCTION = YES;
				GCC_WARN_UNUSED_VARIABLE = YES;
				IPHONEOS_DEPLOYMENT_TARGET = 13.2;
				MTL_ENABLE_DEBUG_INFO = NO;
				MTL_FAST_MATH = YES;
				SDKROOT = iphoneos;
				SWIFT_COMPILATION_MODE = wholemodule;
				SWIFT_OPTIMIZATION_LEVEL = "-O";
				VALIDATE_PRODUCT = YES;
			};
			name = Release;
		};
		007B95412412E9C700C91221 /* Debug */ = {
			isa = XCBuildConfiguration;
			buildSettings = {
				ASSETCATALOG_COMPILER_APPICON_NAME = AppIcon;
				CODE_SIGN_STYLE = Automatic;
				DEVELOPMENT_TEAM = C8Z5ECNY5G;
				INFOPLIST_FILE = MVCPractice/Info.plist;
				LD_RUNPATH_SEARCH_PATHS = (
					"$(inherited)",
					"@executable_path/Frameworks",
				);
				PRODUCT_BUNDLE_IDENTIFIER = com.trakit.MVCPractice;
				PRODUCT_NAME = "$(TARGET_NAME)";
				SWIFT_VERSION = 5.0;
				TARGETED_DEVICE_FAMILY = "1,2";
			};
			name = Debug;
		};
		007B95422412E9C700C91221 /* Release */ = {
			isa = XCBuildConfiguration;
			buildSettings = {
				ASSETCATALOG_COMPILER_APPICON_NAME = AppIcon;
				CODE_SIGN_STYLE = Automatic;
				DEVELOPMENT_TEAM = C8Z5ECNY5G;
				INFOPLIST_FILE = MVCPractice/Info.plist;
				LD_RUNPATH_SEARCH_PATHS = (
					"$(inherited)",
					"@executable_path/Frameworks",
				);
				PRODUCT_BUNDLE_IDENTIFIER = com.trakit.MVCPractice;
				PRODUCT_NAME = "$(TARGET_NAME)";
				SWIFT_VERSION = 5.0;
				TARGETED_DEVICE_FAMILY = "1,2";
			};
			name = Release;
		};
/* End XCBuildConfiguration section */

/* Begin XCConfigurationList section */
		007B95272412E9C500C91221 /* Build configuration list for PBXProject "MVCPractice" */ = {
			isa = XCConfigurationList;
			buildConfigurations = (
				007B953E2412E9C700C91221 /* Debug */,
				007B953F2412E9C700C91221 /* Release */,
			);
			defaultConfigurationIsVisible = 0;
			defaultConfigurationName = Release;
		};
		007B95402412E9C700C91221 /* Build configuration list for PBXNativeTarget "MVCPractice" */ = {
			isa = XCConfigurationList;
			buildConfigurations = (
				007B95412412E9C700C91221 /* Debug */,
				007B95422412E9C700C91221 /* Release */,
			);
			defaultConfigurationIsVisible = 0;
			defaultConfigurationName = Release;
		};
/* End XCConfigurationList section */
	};
	rootObject = 007B95242412E9C500C91221 /* Project object */;
}
